// !$*UTF8*$!
{
	archiveVersion = 1;
	classes = {
	};
	objectVersion = 46;
	objects = {

/* Begin PBXBuildFile section */
		42D7AB781B6C1D0500731FDB /* main.swift in Sources */ = {isa = PBXBuildFile; fileRef = 42D7AB771B6C1D0500731FDB /* main.swift */; };
		42D7AB7F1B6C1D6D00731FDB /* LocalizedFile.swift in Sources */ = {isa = PBXBuildFile; fileRef = 42D7AB7E1B6C1D6D00731FDB /* LocalizedFile.swift */; };
		42D7AB861B6C1DE000731FDB /* LocalizedFileMerger.swift in Sources */ = {isa = PBXBuildFile; fileRef = 42D7AB851B6C1DE000731FDB /* LocalizedFileMerger.swift */; };
		42D7AB8D1B6F7D9400731FDB /* LineByLineFileReader.swift in Sources */ = {isa = PBXBuildFile; fileRef = 42D7AB8C1B6F7D9400731FDB /* LineByLineFileReader.swift */; };
		42D7AB8F1B6F7DC500731FDB /* RegularExpressionExtensions.swift in Sources */ = {isa = PBXBuildFile; fileRef = 42D7AB8E1B6F7DC500731FDB /* RegularExpressionExtensions.swift */; };
/* End PBXBuildFile section */

/* Begin PBXCopyFilesBuildPhase section */
		42D7AB721B6C1D0500731FDB /* CopyFiles */ = {
			isa = PBXCopyFilesBuildPhase;
			buildActionMask = 2147483647;
			dstPath = /usr/share/man/man1/;
			dstSubfolderSpec = 0;
			files = (
			);
			runOnlyForDeploymentPostprocessing = 1;
		};
/* End PBXCopyFilesBuildPhase section */

/* Begin PBXFileReference section */
		42D7AB741B6C1D0500731FDB /* RendezVous */ = {isa = PBXFileReference; explicitFileType = "compiled.mach-o.executable"; includeInIndex = 0; path = RendezVous; sourceTree = BUILT_PRODUCTS_DIR; };
		42D7AB771B6C1D0500731FDB /* main.swift */ = {isa = PBXFileReference; lastKnownFileType = sourcecode.swift; path = main.swift; sourceTree = "<group>"; };
		42D7AB7E1B6C1D6D00731FDB /* LocalizedFile.swift */ = {isa = PBXFileReference; fileEncoding = 4; lastKnownFileType = sourcecode.swift; path = LocalizedFile.swift; sourceTree = "<group>"; };
		42D7AB851B6C1DE000731FDB /* LocalizedFileMerger.swift */ = {isa = PBXFileReference; fileEncoding = 4; lastKnownFileType = sourcecode.swift; path = LocalizedFileMerger.swift; sourceTree = "<group>"; };
		42D7AB881B6C1EB900731FDB /* original-with-additions.txt */ = {isa = PBXFileReference; fileEncoding = 4; lastKnownFileType = text; path = "original-with-additions.txt"; sourceTree = "<group>"; };
		42D7AB891B6C1EB900731FDB /* original-with-deletions.txt */ = {isa = PBXFileReference; fileEncoding = 4; lastKnownFileType = text; path = "original-with-deletions.txt"; sourceTree = "<group>"; };
		42D7AB8A1B6C1EB900731FDB /* original.txt */ = {isa = PBXFileReference; fileEncoding = 4; lastKnownFileType = text; path = original.txt; sourceTree = "<group>"; };
		42D7AB8B1B6C1EB900731FDB /* translation.txt */ = {isa = PBXFileReference; fileEncoding = 4; lastKnownFileType = text; path = translation.txt; sourceTree = "<group>"; };
		42D7AB8C1B6F7D9400731FDB /* LineByLineFileReader.swift */ = {isa = PBXFileReference; fileEncoding = 4; lastKnownFileType = sourcecode.swift; path = LineByLineFileReader.swift; sourceTree = "<group>"; };
		42D7AB8E1B6F7DC500731FDB /* RegularExpressionExtensions.swift */ = {isa = PBXFileReference; fileEncoding = 4; lastKnownFileType = sourcecode.swift; path = RegularExpressionExtensions.swift; sourceTree = "<group>"; };
/* End PBXFileReference section */

/* Begin PBXFrameworksBuildPhase section */
		42D7AB711B6C1D0500731FDB /* Frameworks */ = {
			isa = PBXFrameworksBuildPhase;
			buildActionMask = 2147483647;
			files = (
			);
			runOnlyForDeploymentPostprocessing = 0;
		};
/* End PBXFrameworksBuildPhase section */

/* Begin PBXGroup section */
		42D7AB6B1B6C1D0500731FDB = {
			isa = PBXGroup;
			children = (
				42D7AB871B6C1EB900731FDB /* Resources */,
				42D7AB761B6C1D0500731FDB /* RendezVous */,
				42D7AB751B6C1D0500731FDB /* Products */,
			);
			sourceTree = "<group>";
		};
		42D7AB751B6C1D0500731FDB /* Products */ = {
			isa = PBXGroup;
			children = (
				42D7AB741B6C1D0500731FDB /* RendezVous */,
			);
			name = Products;
			sourceTree = "<group>";
		};
		42D7AB761B6C1D0500731FDB /* RendezVous */ = {
			isa = PBXGroup;
			children = (
				42D7AB8C1B6F7D9400731FDB /* LineByLineFileReader.swift */,
				42D7AB7E1B6C1D6D00731FDB /* LocalizedFile.swift */,
				42D7AB771B6C1D0500731FDB /* main.swift */,
				42D7AB851B6C1DE000731FDB /* LocalizedFileMerger.swift */,
				42D7AB8E1B6F7DC500731FDB /* RegularExpressionExtensions.swift */,
			);
			path = RendezVous;
			sourceTree = "<group>";
		};
		42D7AB871B6C1EB900731FDB /* Resources */ = {
			isa = PBXGroup;
			children = (
				42D7AB881B6C1EB900731FDB /* original-with-additions.txt */,
				42D7AB891B6C1EB900731FDB /* original-with-deletions.txt */,
				42D7AB8A1B6C1EB900731FDB /* original.txt */,
				42D7AB8B1B6C1EB900731FDB /* translation.txt */,
			);
			path = Resources;
			sourceTree = SOURCE_ROOT;
		};
/* End PBXGroup section */

/* Begin PBXNativeTarget section */
		42D7AB731B6C1D0500731FDB /* RendezVous */ = {
			isa = PBXNativeTarget;
			buildConfigurationList = 42D7AB7B1B6C1D0500731FDB /* Build configuration list for PBXNativeTarget "RendezVous" */;
			buildPhases = (
				42D7AB701B6C1D0500731FDB /* Sources */,
				42D7AB711B6C1D0500731FDB /* Frameworks */,
				42D7AB721B6C1D0500731FDB /* CopyFiles */,
			);
			buildRules = (
			);
			dependencies = (
			);
			name = RendezVous;
			productName = RendezVous;
			productReference = 42D7AB741B6C1D0500731FDB /* RendezVous */;
			productType = "com.apple.product-type.tool";
		};
/* End PBXNativeTarget section */

/* Begin PBXProject section */
		42D7AB6C1B6C1D0500731FDB /* Project object */ = {
			isa = PBXProject;
			attributes = {
				LastUpgradeCheck = 0700;
				ORGANIZATIONNAME = "Pedro Gomes";
				TargetAttributes = {
					42D7AB731B6C1D0500731FDB = {
						CreatedOnToolsVersion = 7.0;
					};
				};
			};
			buildConfigurationList = 42D7AB6F1B6C1D0500731FDB /* Build configuration list for PBXProject "RendezVous" */;
			compatibilityVersion = "Xcode 3.2";
			developmentRegion = English;
			hasScannedForEncodings = 0;
			knownRegions = (
				en,
			);
			mainGroup = 42D7AB6B1B6C1D0500731FDB;
			productRefGroup = 42D7AB751B6C1D0500731FDB /* Products */;
			projectDirPath = "";
			projectRoot = "";
			targets = (
				42D7AB731B6C1D0500731FDB /* RendezVous */,
			);
		};
/* End PBXProject section */

/* Begin PBXSourcesBuildPhase section */
		42D7AB701B6C1D0500731FDB /* Sources */ = {
			isa = PBXSourcesBuildPhase;
			buildActionMask = 2147483647;
			files = (
				42D7AB781B6C1D0500731FDB /* main.swift in Sources */,
				42D7AB8F1B6F7DC500731FDB /* RegularExpressionExtensions.swift in Sources */,
				42D7AB861B6C1DE000731FDB /* LocalizedFileMerger.swift in Sources */,
				42D7AB7F1B6C1D6D00731FDB /* LocalizedFile.swift in Sources */,
				42D7AB8D1B6F7D9400731FDB /* LineByLineFileReader.swift in Sources */,
			);
			runOnlyForDeploymentPostprocessing = 0;
		};
/* End PBXSourcesBuildPhase section */

/* Begin XCBuildConfiguration section */
		42D7AB791B6C1D0500731FDB /* Debug */ = {
			isa = XCBuildConfiguration;
			buildSettings = {
				ALWAYS_SEARCH_USER_PATHS = NO;
				CLANG_CXX_LANGUAGE_STANDARD = "gnu++0x";
				CLANG_CXX_LIBRARY = "libc++";
				CLANG_ENABLE_MODULES = YES;
				CLANG_ENABLE_OBJC_ARC = YES;
				CLANG_WARN_BOOL_CONVERSION = YES;
				CLANG_WARN_CONSTANT_CONVERSION = YES;
				CLANG_WARN_DIRECT_OBJC_ISA_USAGE = YES_ERROR;
				CLANG_WARN_EMPTY_BODY = YES;
				CLANG_WARN_ENUM_CONVERSION = YES;
				CLANG_WARN_INT_CONVERSION = YES;
				CLANG_WARN_OBJC_ROOT_CLASS = YES_ERROR;
				CLANG_WARN_UNREACHABLE_CODE = YES;
				CLANG_WARN__DUPLICATE_METHOD_MATCH = YES;
				COPY_PHASE_STRIP = NO;
				DEBUG_INFORMATION_FORMAT = dwarf;
				ENABLE_STRICT_OBJC_MSGSEND = YES;
				ENABLE_TESTABILITY = YES;
				GCC_C_LANGUAGE_STANDARD = gnu99;
				GCC_DYNAMIC_NO_PIC = NO;
				GCC_NO_COMMON_BLOCKS = YES;
				GCC_OPTIMIZATION_LEVEL = 0;
				GCC_PREPROCESSOR_DEFINITIONS = (
					"DEBUG=1",
					"$(inherited)",
				);
				GCC_WARN_64_TO_32_BIT_CONVERSION = YES;
				GCC_WARN_ABOUT_RETURN_TYPE = YES_ERROR;
				GCC_WARN_UNDECLARED_SELECTOR = YES;
				GCC_WARN_UNINITIALIZED_AUTOS = YES_AGGRESSIVE;
				GCC_WARN_UNUSED_FUNCTION = YES;
				GCC_WARN_UNUSED_VARIABLE = YES;
				MACOSX_DEPLOYMENT_TARGET = 10.10;
				MTL_ENABLE_DEBUG_INFO = YES;
				ONLY_ACTIVE_ARCH = YES;
				SDKROOT = macosx;
				SWIFT_OPTIMIZATION_LEVEL = "-Onone";
			};
			name = Debug;
		};
		42D7AB7A1B6C1D0500731FDB /* Release */ = {
			isa = XCBuildConfiguration;
			buildSettings = {
				ALWAYS_SEARCH_USER_PATHS = NO;
				CLANG_CXX_LANGUAGE_STANDARD = "gnu++0x";
				CLANG_CXX_LIBRARY = "libc++";
				CLANG_ENABLE_MODULES = YES;
				CLANG_ENABLE_OBJC_ARC = YES;
				CLANG_WARN_BOOL_CONVERSION = YES;
				CLANG_WARN_CONSTANT_CONVERSION = YES;
				CLANG_WARN_DIRECT_OBJC_ISA_USAGE = YES_ERROR;
				CLANG_WARN_EMPTY_BODY = YES;
				CLANG_WARN_ENUM_CONVERSION = YES;
				CLANG_WARN_INT_CONVERSION = YES;
				CLANG_WARN_OBJC_ROOT_CLASS = YES_ERROR;
				CLANG_WARN_UNREACHABLE_CODE = YES;
				CLANG_WARN__DUPLICATE_METHOD_MATCH = YES;
				COPY_PHASE_STRIP = NO;
				DEBUG_INFORMATION_FORMAT = "dwarf-with-dsym";
				ENABLE_NS_ASSERTIONS = NO;
				ENABLE_STRICT_OBJC_MSGSEND = YES;
				GCC_C_LANGUAGE_STANDARD = gnu99;
				GCC_NO_COMMON_BLOCKS = YES;
				GCC_WARN_64_TO_32_BIT_CONVERSION = YES;
				GCC_WARN_ABOUT_RETURN_TYPE = YES_ERROR;
				GCC_WARN_UNDECLARED_SELECTOR = YES;
				GCC_WARN_UNINITIALIZED_AUTOS = YES_AGGRESSIVE;
				GCC_WARN_UNUSED_FUNCTION = YES;
				GCC_WARN_UNUSED_VARIABLE = YES;
				MACOSX_DEPLOYMENT_TARGET = 10.10;
				MTL_ENABLE_DEBUG_INFO = NO;
				SDKROOT = macosx;
			};
			name = Release;
		};
		42D7AB7C1B6C1D0500731FDB /* Debug */ = {
			isa = XCBuildConfiguration;
			buildSettings = {
				PRODUCT_NAME = "$(TARGET_NAME)";
			};
			name = Debug;
		};
		42D7AB7D1B6C1D0500731FDB /* Release */ = {
			isa = XCBuildConfiguration;
			buildSettings = {
				PRODUCT_NAME = "$(TARGET_NAME)";
			};
			name = Release;
		};
/* End XCBuildConfiguration section */

/* Begin XCConfigurationList section */
		42D7AB6F1B6C1D0500731FDB /* Build configuration list for PBXProject "RendezVous" */ = {
			isa = XCConfigurationList;
			buildConfigurations = (
				42D7AB791B6C1D0500731FDB /* Debug */,
				42D7AB7A1B6C1D0500731FDB /* Release */,
			);
			defaultConfigurationIsVisible = 0;
			defaultConfigurationName = Release;
		};
		42D7AB7B1B6C1D0500731FDB /* Build configuration list for PBXNativeTarget "RendezVous" */ = {
			isa = XCConfigurationList;
			buildConfigurations = (
				42D7AB7C1B6C1D0500731FDB /* Debug */,
				42D7AB7D1B6C1D0500731FDB /* Release */,
			);
			defaultConfigurationIsVisible = 0;
			defaultConfigurationName = Release;
		};
/* End XCConfigurationList section */
	};
	rootObject = 42D7AB6C1B6C1D0500731FDB /* Project object */;
}
